
Microsoft Visual Studio Solution File, Format Version 12.00
# Visual Studio 2013
VisualStudioVersion = 12.0.21005.1
MinimumVisualStudioVersion = 10.0.40219.1
Project("{FAE04EC0-301F-11D3-BF4B-00C04F79EFBC}") = "FLUFFS-core", "FLUFFS-core\FLUFFS-core.csproj", "{256C30D5-DA04-46BC-B77E-43629A864CAE}"
EndProject
Project("{2150E333-8FDC-42A3-9474-1A3956D46DE8}") = "FileAnalysis", "FileAnalysis", "{F875565F-BDF4-4471-8469-6E5C1CEA186B}"
EndProject
Project("{2150E333-8FDC-42A3-9474-1A3956D46DE8}") = "Mail", "Mail", "{23A10C03-CC0F-4492-84BA-B510A5EDF6F9}"
EndProject
Project("{2150E333-8FDC-42A3-9474-1A3956D46DE8}") = "Model", "Model", "{41993D02-A181-48AD-B2A8-E60EF0BF01BE}"
EndProject
Project("{FAE04EC0-301F-11D3-BF4B-00C04F79EFBC}") = "OdfDigger", "OdfDigger\OdfDigger.csproj", "{511CAE85-211A-4DBE-BBB2-EECD0C15A451}"
EndProject
Project("{2150E333-8FDC-42A3-9474-1A3956D46DE8}") = "TesterConsole", "TesterConsole", "{1545B371-24BF-438E-AD91-53FFF0916B2B}"
EndProject
Project("{FAE04EC0-301F-11D3-BF4B-00C04F79EFBC}") = "TesterConsole", "TesterConsole\TesterConsole.csproj", "{088A5435-82FC-4252-A769-1953E6B72C48}"
EndProject
Project("{FAE04EC0-301F-11D3-BF4B-00C04F79EFBC}") = "EntityModel", "EntityModel\EntityModel.csproj", "{690CE3FE-76E1-4309-9E76-209AB7CDEE95}"
EndProject
Project("{FAE04EC0-301F-11D3-BF4B-00C04F79EFBC}") = "FileDigger", "FileDigger\FileDigger.csproj", "{D6FE8D7D-1E5E-41B5-8C13-B2861CAC2ECD}"
EndProject
Project("{FAE04EC0-301F-11D3-BF4B-00C04F79EFBC}") = "Hasher", "Hasher\Hasher.csproj", "{E6A89C99-16DB-4CDB-8B84-8D01A40F5502}"
EndProject
Global
	GlobalSection(SolutionConfigurationPlatforms) = preSolution
		Debug|Any CPU = Debug|Any CPU
		Release|Any CPU = Release|Any CPU
	EndGlobalSection
	GlobalSection(ProjectConfigurationPlatforms) = postSolution
		{256C30D5-DA04-46BC-B77E-43629A864CAE}.Debug|Any CPU.ActiveCfg = Release|Any CPU
		{256C30D5-DA04-46BC-B77E-43629A864CAE}.Debug|Any CPU.Build.0 = Release|Any CPU
		{256C30D5-DA04-46BC-B77E-43629A864CAE}.Release|Any CPU.ActiveCfg = Release|Any CPU
		{256C30D5-DA04-46BC-B77E-43629A864CAE}.Release|Any CPU.Build.0 = Release|Any CPU
		{511CAE85-211A-4DBE-BBB2-EECD0C15A451}.Debug|Any CPU.ActiveCfg = Release|Any CPU
		{511CAE85-211A-4DBE-BBB2-EECD0C15A451}.Debug|Any CPU.Build.0 = Release|Any CPU
		{511CAE85-211A-4DBE-BBB2-EECD0C15A451}.Release|Any CPU.ActiveCfg = Release|Any CPU
		{511CAE85-211A-4DBE-BBB2-EECD0C15A451}.Release|Any CPU.Build.0 = Release|Any CPU
		{088A5435-82FC-4252-A769-1953E6B72C48}.Debug|Any CPU.ActiveCfg = Release|Any CPU
		{088A5435-82FC-4252-A769-1953E6B72C48}.Debug|Any CPU.Build.0 = Release|Any CPU
		{088A5435-82FC-4252-A769-1953E6B72C48}.Release|Any CPU.ActiveCfg = Release|Any CPU
		{088A5435-82FC-4252-A769-1953E6B72C48}.Release|Any CPU.Build.0 = Release|Any CPU
		{690CE3FE-76E1-4309-9E76-209AB7CDEE95}.Debug|Any CPU.ActiveCfg = Release|Any CPU
		{690CE3FE-76E1-4309-9E76-209AB7CDEE95}.Debug|Any CPU.Build.0 = Release|Any CPU
		{690CE3FE-76E1-4309-9E76-209AB7CDEE95}.Release|Any CPU.ActiveCfg = Release|Any CPU
		{690CE3FE-76E1-4309-9E76-209AB7CDEE95}.Release|Any CPU.Build.0 = Release|Any CPU
		{D6FE8D7D-1E5E-41B5-8C13-B2861CAC2ECD}.Debug|Any CPU.ActiveCfg = Release|Any CPU
		{D6FE8D7D-1E5E-41B5-8C13-B2861CAC2ECD}.Debug|Any CPU.Build.0 = Release|Any CPU
		{D6FE8D7D-1E5E-41B5-8C13-B2861CAC2ECD}.Release|Any CPU.ActiveCfg = Release|Any CPU
		{D6FE8D7D-1E5E-41B5-8C13-B2861CAC2ECD}.Release|Any CPU.Build.0 = Release|Any CPU
		{E6A89C99-16DB-4CDB-8B84-8D01A40F5502}.Debug|Any CPU.ActiveCfg = Release|Any CPU
		{E6A89C99-16DB-4CDB-8B84-8D01A40F5502}.Debug|Any CPU.Build.0 = Release|Any CPU
		{E6A89C99-16DB-4CDB-8B84-8D01A40F5502}.Release|Any CPU.ActiveCfg = Release|Any CPU
		{E6A89C99-16DB-4CDB-8B84-8D01A40F5502}.Release|Any CPU.Build.0 = Release|Any CPU
	EndGlobalSection
	GlobalSection(SolutionProperties) = preSolution
		HideSolutionNode = FALSE
	EndGlobalSection
	GlobalSection(NestedProjects) = preSolution
		{511CAE85-211A-4DBE-BBB2-EECD0C15A451} = {F875565F-BDF4-4471-8469-6E5C1CEA186B}
		{D6FE8D7D-1E5E-41B5-8C13-B2861CAC2ECD} = {F875565F-BDF4-4471-8469-6E5C1CEA186B}
		{E6A89C99-16DB-4CDB-8B84-8D01A40F5502} = {F875565F-BDF4-4471-8469-6E5C1CEA186B}
		{690CE3FE-76E1-4309-9E76-209AB7CDEE95} = {41993D02-A181-48AD-B2A8-E60EF0BF01BE}
		{088A5435-82FC-4252-A769-1953E6B72C48} = {1545B371-24BF-438E-AD91-53FFF0916B2B}
	EndGlobalSection
EndGlobal
